// !$*UTF8*$!
{
	archiveVersion = 1;
	classes = {
	};
	objectVersion = 46;
	objects = {

/* Begin PBXFileReference section */
		4F5A7EA81758F81D00448642 /* main.c */ = {isa = PBXFileReference; lastKnownFileType = sourcecode.c.c; path = main.c; sourceTree = "<group>"; };
/* End PBXFileReference section */

/* Begin PBXGroup section */
		4F5A7EA11758F7E900448642 = {
			isa = PBXGroup;
			children = (
				4F5A7EA81758F81D00448642 /* main.c */,
			);
			sourceTree = "<group>";
		};
/* End PBXGroup section */

/* Begin PBXProject section */
		4F5A7EA21758F7E900448642 /* Project object */ = {
			isa = PBXProject;
			attributes = {
				LastUpgradeCheck = 0460;
			};
			buildConfigurationList = 4F5A7EA51758F7E900448642 /* Build configuration list for PBXProject "HelloMac" */;
			compatibilityVersion = "Xcode 3.2";
			developmentRegion = English;
			hasScannedForEncodings = 0;
			knownRegions = (
				en,
			);
			mainGroup = 4F5A7EA11758F7E900448642;
			projectDirPath = "";
			projectRoot = "";
			targets = (
			);
		};
/* End PBXProject section */

/* Begin XCBuildConfiguration section */
		4F5A7EA61758F7E900448642 /* Debug */ = {
			isa = XCBuildConfiguration;
			buildSettings = {
			};
			name = Debug;
		};
		4F5A7EA71758F7E900448642 /* Release */ = {
			isa = XCBuildConfiguration;
			buildSettings = {
			};
			name = Release;
		};
/* End XCBuildConfiguration section */

/* Begin XCConfigurationList section */
		4F5A7EA51758F7E900448642 /* Build configuration list for PBXProject "HelloMac" */ = {
			isa = XCConfigurationList;
			buildConfigurations = (
				4F5A7EA61758F7E900448642 /* Debug */,
				4F5A7EA71758F7E900448642 /* Release */,
			);
			defaultConfigurationIsVisible = 0;
			defaultConfigurationName = Release;
		};
/* End XCConfigurationList section */
	};
	rootObject = 4F5A7EA21758F7E900448642 /* Project object */;
}
